PODS:
  - Alamofire (4.8.0)
  - DKCamera (1.6.4)
  - DKImagePickerController (4.1.2):
    - DKImagePickerController/Camera (= 4.1.2)
    - DKImagePickerController/Core (= 4.1.2)
    - DKImagePickerController/ImageDataManager (= 4.1.2)
    - DKImagePickerController/InlineCamera (= 4.1.2)
    - DKImagePickerController/PhotoEditor (= 4.1.2)
    - DKImagePickerController/PhotoGallery (= 4.1.2)
    - DKImagePickerController/Resource (= 4.1.2)
  - DKImagePickerController/Camera (4.1.2):
    - DKCamera
    - DKImagePickerController/Core
  - DKImagePickerController/Core (4.1.2):
    - DKImagePickerController/ImageDataManager
    - DKImagePickerController/Resource
  - DKImagePickerController/ImageDataManager (4.1.2)
  - DKImagePickerController/InlineCamera (4.1.2):
    - DKCamera
    - DKImagePickerController/Core
  - DKImagePickerController/PhotoEditor (4.1.2):
    - DKImagePickerController/Core
    - TOCropViewController (~> 2.4)
  - DKImagePickerController/PhotoGallery (4.1.2):
    - DKImagePickerController/Core
    - DKPhotoGallery
  - DKImagePickerController/Resource (4.1.2)
  - DKPhotoGallery (0.0.11):
    - DKPhotoGallery/Core (= 0.0.11)
    - DKPhotoGallery/Model (= 0.0.11)
    - DKPhotoGallery/Preview (= 0.0.11)
    - DKPhotoGallery/Resource (= 0.0.11)
    - SDWebImage/GIF
  - DKPhotoGallery/Core (0.0.11):
    - DKPhotoGallery/Model
    - DKPhotoGallery/Preview
    - SDWebImage/GIF
  - DKPhotoGallery/Model (0.0.11):
    - SDWebImage/GIF
  - DKPhotoGallery/Preview (0.0.11):
    - DKPhotoGallery/Model
    - DKPhotoGallery/Resource
    - SDWebImage/GIF
  - DKPhotoGallery/Resource (0.0.11):
    - SDWebImage/GIF
  - FLAnimatedImage (1.0.12)
  - IQKeyboardManagerSwift (6.2.0)
  - Kingfisher (5.1.0)
  - Material (2.16.4):
    - Material/Core (= 2.16.4)
  - Material/Core (2.16.4):
    - Motion (~> 1.4.3)
  - Motion (1.4.3):
    - Motion/Core (= 1.4.3)
  - Motion/Core (1.4.3)
  - Moya (12.0.1):
    - Moya/Core (= 12.0.1)
  - Moya/Core (12.0.1):
    - Alamofire (~> 4.1)
    - Result (~> 4.0)
  - Reachability (3.2)
  - Result (4.1.0)
  - SDWebImage/Core (4.4.3)
  - SDWebImage/GIF (4.4.3):
    - FLAnimatedImage (~> 1.0)
    - SDWebImage/Core
  - SVProgressHUD (2.2.5)
  - SwiftRuler (1.1.1):
    - Reachability
  - TOCropViewController (2.4.0)
  - YPDrawSignatureView (1.1.2)

DEPENDENCIES:
  - DKImagePickerController
  - IQKeyboardManagerSwift
  - Kingfisher
  - Material
  - Moya
  - SVProgressHUD
  - SwiftRuler
  - YPDrawSignatureView

SPEC REPOS:
  https://github.com/cocoapods/specs.git:
    - Alamofire
    - DKCamera
    - DKImagePickerController
    - DKPhotoGallery
    - FLAnimatedImage
    - IQKeyboardManagerSwift
    - Kingfisher
    - Material
    - Motion
    - Moya
    - Reachability
    - Result
    - SDWebImage
    - SVProgressHUD
    - SwiftRuler
    - TOCropViewController
    - YPDrawSignatureView

SPEC CHECKSUMS:
  Alamofire: 3ec537f71edc9804815215393ae2b1a8ea33a844
  DKCamera: 61fa47629a39354e5111bca1fe96695de020dcb9
  DKImagePickerController: 358ebcd5ce87db8863ec4b8dea651c67baca36e0
  DKPhotoGallery: e5fc53899345c26af4374503dd249caabac7d26a
  FLAnimatedImage: 4a0b56255d9b05f18b6dd7ee06871be5d3b89e31
  IQKeyboardManagerSwift: b07ccf9d8cafe993dcd6cb794eb4ba34611a0c4e
  Kingfisher: fcec238063d17404fca89bf0a850583211c4cbf6
  Material: 4ed78690b09ffd148b5ffab6b4367fb1d8da1cd3
  Motion: 153ba49692997888556c7a95207278a8b1f8be95
  Moya: cf730b3cd9e005401ef37a85143aa141a12fd38f
  Reachability: 33e18b67625424e47b6cde6d202dce689ad7af96
  Result: bd966fac789cc6c1563440b348ab2598cc24d5c7
  SDWebImage: c5594f1a19c48d526d321e548902b56b479cd508
  SVProgressHUD: 1428aafac632c1f86f62aa4243ec12008d7a51d6
  SwiftRuler: 70928915179ee404405dd86ee9f9f556e613dd52
  TOCropViewController: 368d8df3ea43b62c3dc5a61f11b9048274d240bd
  YPDrawSignatureView: 0ca1cfcd329b9f4bf74172859f80a47a200a0e0d

PODFILE CHECKSUM: b41d17c949040b6d163debda423b62fdb1d94aed

COCOAPODS: 1.5.3
